dependencies:
- name: mysql
  repository: https://kubernetes-charts.storage.googleapis.com/
  version: 0.3.0
- name: redis
  repository: https://kubernetes-charts.storage.googleapis.com/
  version: 1.0.4
digest: sha256:48f0642f59921309bb7625c8b83365e57ad8e1ac343e940f1738528ff2c8f5b8
generated: 2018-01-10T15:08:46.155858Z
